
Microsoft Visual Studio Solution File, Format Version 12.00
# Visual Studio Version 17
VisualStudioVersion = 17.14.36429.23 d17.14
MinimumVisualStudioVersion = 10.0.40219.1
Project("{FAE04EC0-301F-11D3-BF4B-00C04F79EFBC}") = "Invoice-app-Demo", "Invoice-app-Demo\Invoice-app-Demo.csproj", "{6A57E92B-E29F-4500-BC22-C16C968AF7BB}"
EndProject
Global
	GlobalSection(SolutionConfigurationPlatforms) = preSolution
		Debug|Any CPU = Debug|Any CPU
		Release|Any CPU = Release|Any CPU
	EndGlobalSection
	GlobalSection(ProjectConfigurationPlatforms) = postSolution
		{6A57E92B-E29F-4500-BC22-C16C968AF7BB}.Debug|Any CPU.ActiveCfg = Debug|Any CPU
		{6A57E92B-E29F-4500-BC22-C16C968AF7BB}.Debug|Any CPU.Build.0 = Debug|Any CPU
		{6A57E92B-E29F-4500-BC22-C16C968AF7BB}.Release|Any CPU.ActiveCfg = Release|Any CPU
		{6A57E92B-E29F-4500-BC22-C16C968AF7BB}.Release|Any CPU.Build.0 = Release|Any CPU
	EndGlobalSection
	GlobalSection(SolutionProperties) = preSolution
		HideSolutionNode = FALSE
	EndGlobalSection
	GlobalSection(ExtensibilityGlobals) = postSolution
		SolutionGuid = {A1346A01-5A93-4724-ADAC-B04CA6794577}
	EndGlobalSection
EndGlobal
